
Microsoft Visual Studio Solution File, Format Version 12.00
# Visual Studio Version 17
VisualStudioVersion = 17.8.34330.188
MinimumVisualStudioVersion = 10.0.40219.1
Project("{9A19103F-16F7-4668-BE54-9A1E7A4F7556}") = "Assignment6abc", "Assignment6abc.csproj", "{D8D04BB6-A8D3-4E72-B6CF-FD39F49C038F}"
EndProject
Project("{2150E333-8FDC-42A3-9474-1A3956D46DE8}") = "Solution Items", "Solution Items", "{FDD544F4-9B89-4A4A-A201-FE7925494C73}"
	ProjectSection(SolutionItems) = preProject
		..\..\..\..\..\Downloads\icon (1).ico = ..\..\..\..\..\Downloads\icon (1).ico
	EndProjectSection
EndProject
Global
	GlobalSection(SolutionConfigurationPlatforms) = preSolution
		Debug|Any CPU = Debug|Any CPU
		Release|Any CPU = Release|Any CPU
	EndGlobalSection
	GlobalSection(ProjectConfigurationPlatforms) = postSolution
		{D8D04BB6-A8D3-4E72-B6CF-FD39F49C038F}.Debug|Any CPU.ActiveCfg = Debug|Any CPU
		{D8D04BB6-A8D3-4E72-B6CF-FD39F49C038F}.Debug|Any CPU.Build.0 = Debug|Any CPU
		{D8D04BB6-A8D3-4E72-B6CF-FD39F49C038F}.Release|Any CPU.ActiveCfg = Release|Any CPU
		{D8D04BB6-A8D3-4E72-B6CF-FD39F49C038F}.Release|Any CPU.Build.0 = Release|Any CPU
	EndGlobalSection
	GlobalSection(SolutionProperties) = preSolution
		HideSolutionNode = FALSE
	EndGlobalSection
	GlobalSection(ExtensibilityGlobals) = postSolution
		SolutionGuid = {5B074FAB-4608-40FC-95A3-8134AAA6F8FF}
	EndGlobalSection
EndGlobal
